
Microsoft Visual Studio Solution File, Format Version 12.00
# Visual Studio Version 17
VisualStudioVersion = 17.5.33516.290
MinimumVisualStudioVersion = 10.0.40219.1
Project("{E24C65DC-7377-472B-9ABA-BC803B73C61A}") = "QuanLySanBong(1)", "QuanLySanBong\", "{B03B88C3-D408-46E7-9893-38FD34F09EF6}"
	ProjectSection(WebsiteProperties) = preProject
		TargetFrameworkMoniker = ".NETFramework,Version%3Dv4.8"
		Debug.AspNetCompiler.VirtualPath = "/localhost_52425"
		Debug.AspNetCompiler.PhysicalPath = "D:\Work\AllFoder\DoAn\TotNghiep\QuanLySanBong\"
		Debug.AspNetCompiler.TargetPath = "PrecompiledWeb\localhost_52425\"
		Debug.AspNetCompiler.Updateable = "true"
		Debug.AspNetCompiler.ForceOverwrite = "true"
		Debug.AspNetCompiler.FixedNames = "false"
		Debug.AspNetCompiler.Debug = "True"
		Release.AspNetCompiler.VirtualPath = "/localhost_52425"
		Release.AspNetCompiler.PhysicalPath = "D:\Work\AllFoder\DoAn\TotNghiep\QuanLySanBong\"
		Release.AspNetCompiler.TargetPath = "PrecompiledWeb\localhost_52425\"
		Release.AspNetCompiler.Updateable = "true"
		Release.AspNetCompiler.ForceOverwrite = "true"
		Release.AspNetCompiler.FixedNames = "false"
		Release.AspNetCompiler.Debug = "False"
		VWDPort = "52425"
	EndProjectSection
EndProject
Global
	GlobalSection(SolutionConfigurationPlatforms) = preSolution
		Debug|Any CPU = Debug|Any CPU
	EndGlobalSection
	GlobalSection(ProjectConfigurationPlatforms) = postSolution
		{B03B88C3-D408-46E7-9893-38FD34F09EF6}.Debug|Any CPU.ActiveCfg = Debug|Any CPU
		{B03B88C3-D408-46E7-9893-38FD34F09EF6}.Debug|Any CPU.Build.0 = Debug|Any CPU
	EndGlobalSection
	GlobalSection(SolutionProperties) = preSolution
		HideSolutionNode = FALSE
	EndGlobalSection
	GlobalSection(ExtensibilityGlobals) = postSolution
		SolutionGuid = {C4674098-5527-4124-9263-CB691389D5B2}
	EndGlobalSection
EndGlobal
